
Microsoft Visual Studio Solution File, Format Version 12.00
# Visual Studio 15
Project("{FAE04EC0-301F-11D3-BF4B-00C04F79EFBC}") = "Stealth Detection Tests", "Assembly-CSharp.csproj", "{842275EF-7CCA-41CC-0574-38D91940DF29}"
EndProject
Project("{FAE04EC0-301F-11D3-BF4B-00C04F79EFBC}") = "Stealth Detection Tests", "Assembly-CSharp-Editor.csproj", "{0C36DE7B-19F0-04A9-5A88-A03E0D89BA9C}"
EndProject
Global
	GlobalSection(SolutionConfigurationPlatforms) = preSolution
		Debug|Any CPU = Debug|Any CPU
		Release|Any CPU = Release|Any CPU
	EndGlobalSection
	GlobalSection(ProjectConfigurationPlatforms) = postSolution
		{842275EF-7CCA-41CC-0574-38D91940DF29}.Debug|Any CPU.ActiveCfg = Debug|Any CPU
		{842275EF-7CCA-41CC-0574-38D91940DF29}.Debug|Any CPU.Build.0 = Debug|Any CPU
		{842275EF-7CCA-41CC-0574-38D91940DF29}.Release|Any CPU.ActiveCfg = Release|Any CPU
		{842275EF-7CCA-41CC-0574-38D91940DF29}.Release|Any CPU.Build.0 = Release|Any CPU
		{0C36DE7B-19F0-04A9-5A88-A03E0D89BA9C}.Debug|Any CPU.ActiveCfg = Debug|Any CPU
		{0C36DE7B-19F0-04A9-5A88-A03E0D89BA9C}.Debug|Any CPU.Build.0 = Debug|Any CPU
		{0C36DE7B-19F0-04A9-5A88-A03E0D89BA9C}.Release|Any CPU.ActiveCfg = Release|Any CPU
		{0C36DE7B-19F0-04A9-5A88-A03E0D89BA9C}.Release|Any CPU.Build.0 = Release|Any CPU
	EndGlobalSection
	GlobalSection(SolutionProperties) = preSolution
		HideSolutionNode = FALSE
	EndGlobalSection
EndGlobal
